
Microsoft Visual Studio Solution File, Format Version 12.00
# Visual Studio Version 16
VisualStudioVersion = 16.0.30523.141
MinimumVisualStudioVersion = 10.0.40219.1
Project("{FAE04EC0-301F-11D3-BF4B-00C04F79EFBC}") = "UD02-Ejercicio04", "UD02-Ejercicio04\UD02-Ejercicio04.csproj", "{CEC019B5-562E-49E0-95C6-3A8798AC4376}"
EndProject
Global
	GlobalSection(SolutionConfigurationPlatforms) = preSolution
		Debug|Any CPU = Debug|Any CPU
		Release|Any CPU = Release|Any CPU
	EndGlobalSection
	GlobalSection(ProjectConfigurationPlatforms) = postSolution
		{CEC019B5-562E-49E0-95C6-3A8798AC4376}.Debug|Any CPU.ActiveCfg = Debug|Any CPU
		{CEC019B5-562E-49E0-95C6-3A8798AC4376}.Debug|Any CPU.Build.0 = Debug|Any CPU
		{CEC019B5-562E-49E0-95C6-3A8798AC4376}.Release|Any CPU.ActiveCfg = Release|Any CPU
		{CEC019B5-562E-49E0-95C6-3A8798AC4376}.Release|Any CPU.Build.0 = Release|Any CPU
	EndGlobalSection
	GlobalSection(SolutionProperties) = preSolution
		HideSolutionNode = FALSE
	EndGlobalSection
	GlobalSection(ExtensibilityGlobals) = postSolution
		SolutionGuid = {9AC1DE68-590A-43B5-B316-212AA6070F7A}
	EndGlobalSection
EndGlobal
